
Microsoft Visual Studio Solution File, Format Version 12.00
# Visual Studio 15
VisualStudioVersion = 15.0.26430.13
MinimumVisualStudioVersion = 10.0.40219.1
Project("{FAE04EC0-301F-11D3-BF4B-00C04F79EFBC}") = "JeuMonstre", "JeuMonstre\JeuMonstre.csproj", "{4CB69328-09F9-4953-9303-4E0E809F36BD}"
EndProject
Global
	GlobalSection(SolutionConfigurationPlatforms) = preSolution
		Debug|Any CPU = Debug|Any CPU
		Release|Any CPU = Release|Any CPU
	EndGlobalSection
	GlobalSection(ProjectConfigurationPlatforms) = postSolution
		{4CB69328-09F9-4953-9303-4E0E809F36BD}.Debug|Any CPU.ActiveCfg = Debug|Any CPU
		{4CB69328-09F9-4953-9303-4E0E809F36BD}.Debug|Any CPU.Build.0 = Debug|Any CPU
		{4CB69328-09F9-4953-9303-4E0E809F36BD}.Release|Any CPU.ActiveCfg = Release|Any CPU
		{4CB69328-09F9-4953-9303-4E0E809F36BD}.Release|Any CPU.Build.0 = Release|Any CPU
	EndGlobalSection
	GlobalSection(SolutionProperties) = preSolution
		HideSolutionNode = FALSE
	EndGlobalSection
EndGlobal
